
Microsoft Visual Studio Solution File, Format Version 12.00
# Visual Studio 15
VisualStudioVersion = 15.0.27004.2009
MinimumVisualStudioVersion = 10.0.40219.1
Project("{FAE04EC0-301F-11D3-BF4B-00C04F79EFBC}") = "TestProject", "TestProject\TestProject.csproj", "{F32B46D6-0816-496F-A2F3-03271C1E9E5F}"
EndProject
Project("{FAE04EC0-301F-11D3-BF4B-00C04F79EFBC}") = "TestProject2", "TestProject2\TestProject2.csproj", "{1E10D5DD-702E-428F-8576-1884C20FA779}"
EndProject
Project("{FAE04EC0-301F-11D3-BF4B-00C04F79EFBC}") = "TestProject3", "TestProject3\TestProject3.csproj", "{A70BF215-3100-4B14-85FC-20C356350B9E}"
EndProject
Global
	GlobalSection(SolutionConfigurationPlatforms) = preSolution
		Debug|Any CPU = Debug|Any CPU
		Release|Any CPU = Release|Any CPU
	EndGlobalSection
	GlobalSection(ProjectConfigurationPlatforms) = postSolution
		{F32B46D6-0816-496F-A2F3-03271C1E9E5F}.Debug|Any CPU.ActiveCfg = Debug|Any CPU
		{F32B46D6-0816-496F-A2F3-03271C1E9E5F}.Debug|Any CPU.Build.0 = Debug|Any CPU
		{F32B46D6-0816-496F-A2F3-03271C1E9E5F}.Release|Any CPU.ActiveCfg = Release|Any CPU
		{F32B46D6-0816-496F-A2F3-03271C1E9E5F}.Release|Any CPU.Build.0 = Release|Any CPU
		{1E10D5DD-702E-428F-8576-1884C20FA779}.Debug|Any CPU.ActiveCfg = Debug|Any CPU
		{1E10D5DD-702E-428F-8576-1884C20FA779}.Debug|Any CPU.Build.0 = Debug|Any CPU
		{1E10D5DD-702E-428F-8576-1884C20FA779}.Release|Any CPU.ActiveCfg = Release|Any CPU
		{1E10D5DD-702E-428F-8576-1884C20FA779}.Release|Any CPU.Build.0 = Release|Any CPU
		{A70BF215-3100-4B14-85FC-20C356350B9E}.Debug|Any CPU.ActiveCfg = Debug|Any CPU
		{A70BF215-3100-4B14-85FC-20C356350B9E}.Debug|Any CPU.Build.0 = Debug|Any CPU
		{A70BF215-3100-4B14-85FC-20C356350B9E}.Release|Any CPU.ActiveCfg = Release|Any CPU
		{A70BF215-3100-4B14-85FC-20C356350B9E}.Release|Any CPU.Build.0 = Release|Any CPU
	EndGlobalSection
	GlobalSection(SolutionProperties) = preSolution
		HideSolutionNode = FALSE
	EndGlobalSection
	GlobalSection(ExtensibilityGlobals) = postSolution
		SolutionGuid = {2F1FCA3D-D70B-4EC9-8A60-60FA07233B79}
	EndGlobalSection
EndGlobal
